
Microsoft Visual Studio Solution File, Format Version 12.00
# Visual Studio Version 17
VisualStudioVersion = 17.0.31903.59
MinimumVisualStudioVersion = 10.0.40219.1
Project("{2150E333-8FDC-42A3-9474-1A3956D46DE8}") = "src", "src", "{827E0CD3-B72D-47B6-A68D-7590B98EB39B}"
EndProject
Project("{2150E333-8FDC-42A3-9474-1A3956D46DE8}") = "SharedKernel", "SharedKernel", "{85F909CB-8F14-ECC8-BA9D-713D1771907F}"
EndProject
Project("{FAE04EC0-301F-11D3-BF4B-00C04F79EFBC}") = "Kheprx.BaseBackend.SharedKernel", "src\SharedKernel\Kheprx.BaseBackend.SharedKernel\Kheprx.BaseBackend.SharedKernel.csproj", "{E3B1BE72-E4AC-49BE-8053-05954A21FD6A}"
EndProject
Project("{2150E333-8FDC-42A3-9474-1A3956D46DE8}") = "Modules", "Modules", "{EC447DCF-ABFA-6E24-52A5-D7FD48A5C558}"
EndProject
Project("{2150E333-8FDC-42A3-9474-1A3956D46DE8}") = "tests", "tests", "{0AB3BF05-4346-4AA6-1389-037BE0695223}"
EndProject
Project("{2150E333-8FDC-42A3-9474-1A3956D46DE8}") = "host", "host", "{7226ABEA-787E-1D09-10EA-A2ECF996D6A6}"
EndProject
Project("{FAE04EC0-301F-11D3-BF4B-00C04F79EFBC}") = "Kheprx.BaseBackend.Api", "Kheprx.BaseBackend.Api\Kheprx.BaseBackend.Api.csproj", "{77D1C141-44F6-437C-8FE9-84199ED2AEB2}"
EndProject
Project("{FAE04EC0-301F-11D3-BF4B-00C04F79EFBC}") = "Kheprx.BaseBackend.ArchitectureTests", "tests\Kheprx.BaseBackend.ArchitectureTests\Kheprx.BaseBackend.ArchitectureTests.csproj", "{1D4719E6-8371-44AC-AF83-ABDC743AB894}"
EndProject
Project("{FAE04EC0-301F-11D3-BF4B-00C04F79EFBC}") = "Kheprx.BaseBackend.Api.UnitTests", "tests\Kheprx.BaseBackend.Api.UnitTests\Kheprx.BaseBackend.Api.UnitTests.csproj", "{27693239-B046-44D5-A84A-261B0C710C9F}"
EndProject
Project("{2150E333-8FDC-42A3-9474-1A3956D46DE8}") = "Identity", "Identity", "{0EC62A1A-9858-3A60-8A0C-FC9AACFA2EC7}"
EndProject
Project("{FAE04EC0-301F-11D3-BF4B-00C04F79EFBC}") = "Kheprx.BaseBackend.Identity.Domain", "src\Modules\Identity\Kheprx.BaseBackend.Identity.Domain\Kheprx.BaseBackend.Identity.Domain.csproj", "{68101098-083F-4870-ADC6-1712191E1038}"
EndProject
Project("{FAE04EC0-301F-11D3-BF4B-00C04F79EFBC}") = "Kheprx.BaseBackend.Identity.Application", "src\Modules\Identity\Kheprx.BaseBackend.Identity.Application\Kheprx.BaseBackend.Identity.Application.csproj", "{DE4D34CC-1FBF-4401-8EAB-62DBAB00B564}"
EndProject
Project("{FAE04EC0-301F-11D3-BF4B-00C04F79EFBC}") = "Kheprx.BaseBackend.Identity.Contracts", "src\Modules\Identity\Kheprx.BaseBackend.Identity.Contracts\Kheprx.BaseBackend.Identity.Contracts.csproj", "{5AF4153F-3A60-4DD9-B2C7-9D1E4DFAAA6D}"
EndProject
Project("{FAE04EC0-301F-11D3-BF4B-00C04F79EFBC}") = "Kheprx.BaseBackend.Identity.Infrastructure", "src\Modules\Identity\Kheprx.BaseBackend.Identity.Infrastructure\Kheprx.BaseBackend.Identity.Infrastructure.csproj", "{65FBE056-E121-4E6F-814D-07077C0359CF}"
EndProject
Project("{FAE04EC0-301F-11D3-BF4B-00C04F79EFBC}") = "Kheprx.BaseBackend.Identity.UnitTests", "tests\Kheprx.BaseBackend.Identity.UnitTests\Kheprx.BaseBackend.Identity.UnitTests.csproj", "{FA6A35EE-DA15-462F-95BB-F03AF6927588}"
EndProject
Project("{2150E333-8FDC-42A3-9474-1A3956D46DE8}") = "Health", "Health", "{5C8A8AC6-589C-57E2-718B-9C9CBE8FBE33}"
EndProject
Project("{FAE04EC0-301F-11D3-BF4B-00C04F79EFBC}") = "Kheprx.BaseBackend.Health.Domain", "src\Modules\Health\Kheprx.BaseBackend.Health.Domain\Kheprx.BaseBackend.Health.Domain.csproj", "{A5C61424-DEB7-4347-A3E6-D7BE76B71FF0}"
EndProject
Project("{FAE04EC0-301F-11D3-BF4B-00C04F79EFBC}") = "Kheprx.BaseBackend.Health.Application", "src\Modules\Health\Kheprx.BaseBackend.Health.Application\Kheprx.BaseBackend.Health.Application.csproj", "{24B3203B-7D3B-4903-A665-E99A61D26BA1}"
EndProject
Project("{FAE04EC0-301F-11D3-BF4B-00C04F79EFBC}") = "Kheprx.BaseBackend.Health.Contracts", "src\Modules\Health\Kheprx.BaseBackend.Health.Contracts\Kheprx.BaseBackend.Health.Contracts.csproj", "{AB0D815E-4CBD-48D2-B916-051A32AC9423}"
EndProject
Project("{FAE04EC0-301F-11D3-BF4B-00C04F79EFBC}") = "Kheprx.BaseBackend.Health.Infrastructure", "src\Modules\Health\Kheprx.BaseBackend.Health.Infrastructure\Kheprx.BaseBackend.Health.Infrastructure.csproj", "{0CF3A53A-60F3-4917-9524-CF701E2E01C7}"
EndProject
Project("{FAE04EC0-301F-11D3-BF4B-00C04F79EFBC}") = "Kheprx.BaseBackend.Health.UnitTests", "tests\Kheprx.BaseBackend.Health.UnitTests\Kheprx.BaseBackend.Health.UnitTests.csproj", "{58F74329-B2E2-4AAD-8C1C-B65BB55826EF}"
EndProject
Global
	GlobalSection(SolutionConfigurationPlatforms) = preSolution
		Debug|Any CPU = Debug|Any CPU
		Debug|x64 = Debug|x64
		Debug|x86 = Debug|x86
		Release|Any CPU = Release|Any CPU
		Release|x64 = Release|x64
		Release|x86 = Release|x86
	EndGlobalSection
	GlobalSection(ProjectConfigurationPlatforms) = postSolution
		{E3B1BE72-E4AC-49BE-8053-05954A21FD6A}.Debug|Any CPU.ActiveCfg = Debug|Any CPU
		{E3B1BE72-E4AC-49BE-8053-05954A21FD6A}.Debug|Any CPU.Build.0 = Debug|Any CPU
		{E3B1BE72-E4AC-49BE-8053-05954A21FD6A}.Debug|x64.ActiveCfg = Debug|Any CPU
		{E3B1BE72-E4AC-49BE-8053-05954A21FD6A}.Debug|x64.Build.0 = Debug|Any CPU
		{E3B1BE72-E4AC-49BE-8053-05954A21FD6A}.Debug|x86.ActiveCfg = Debug|Any CPU
		{E3B1BE72-E4AC-49BE-8053-05954A21FD6A}.Debug|x86.Build.0 = Debug|Any CPU
		{E3B1BE72-E4AC-49BE-8053-05954A21FD6A}.Release|Any CPU.ActiveCfg = Release|Any CPU
		{E3B1BE72-E4AC-49BE-8053-05954A21FD6A}.Release|Any CPU.Build.0 = Release|Any CPU
		{E3B1BE72-E4AC-49BE-8053-05954A21FD6A}.Release|x64.ActiveCfg = Release|Any CPU
		{E3B1BE72-E4AC-49BE-8053-05954A21FD6A}.Release|x64.Build.0 = Release|Any CPU
		{E3B1BE72-E4AC-49BE-8053-05954A21FD6A}.Release|x86.ActiveCfg = Release|Any CPU
		{E3B1BE72-E4AC-49BE-8053-05954A21FD6A}.Release|x86.Build.0 = Release|Any CPU
		{77D1C141-44F6-437C-8FE9-84199ED2AEB2}.Debug|Any CPU.ActiveCfg = Debug|Any CPU
		{77D1C141-44F6-437C-8FE9-84199ED2AEB2}.Debug|Any CPU.Build.0 = Debug|Any CPU
		{77D1C141-44F6-437C-8FE9-84199ED2AEB2}.Debug|x64.ActiveCfg = Debug|Any CPU
		{77D1C141-44F6-437C-8FE9-84199ED2AEB2}.Debug|x64.Build.0 = Debug|Any CPU
		{77D1C141-44F6-437C-8FE9-84199ED2AEB2}.Debug|x86.ActiveCfg = Debug|Any CPU
		{77D1C141-44F6-437C-8FE9-84199ED2AEB2}.Debug|x86.Build.0 = Debug|Any CPU
		{77D1C141-44F6-437C-8FE9-84199ED2AEB2}.Release|Any CPU.ActiveCfg = Release|Any CPU
		{77D1C141-44F6-437C-8FE9-84199ED2AEB2}.Release|Any CPU.Build.0 = Release|Any CPU
		{77D1C141-44F6-437C-8FE9-84199ED2AEB2}.Release|x64.ActiveCfg = Release|Any CPU
		{77D1C141-44F6-437C-8FE9-84199ED2AEB2}.Release|x64.Build.0 = Release|Any CPU
		{77D1C141-44F6-437C-8FE9-84199ED2AEB2}.Release|x86.ActiveCfg = Release|Any CPU
		{77D1C141-44F6-437C-8FE9-84199ED2AEB2}.Release|x86.Build.0 = Release|Any CPU
		{1D4719E6-8371-44AC-AF83-ABDC743AB894}.Debug|Any CPU.ActiveCfg = Debug|Any CPU
		{1D4719E6-8371-44AC-AF83-ABDC743AB894}.Debug|Any CPU.Build.0 = Debug|Any CPU
		{1D4719E6-8371-44AC-AF83-ABDC743AB894}.Debug|x64.ActiveCfg = Debug|Any CPU
		{1D4719E6-8371-44AC-AF83-ABDC743AB894}.Debug|x64.Build.0 = Debug|Any CPU
		{1D4719E6-8371-44AC-AF83-ABDC743AB894}.Debug|x86.ActiveCfg = Debug|Any CPU
		{1D4719E6-8371-44AC-AF83-ABDC743AB894}.Debug|x86.Build.0 = Debug|Any CPU
		{1D4719E6-8371-44AC-AF83-ABDC743AB894}.Release|Any CPU.ActiveCfg = Release|Any CPU
		{1D4719E6-8371-44AC-AF83-ABDC743AB894}.Release|Any CPU.Build.0 = Release|Any CPU
		{1D4719E6-8371-44AC-AF83-ABDC743AB894}.Release|x64.ActiveCfg = Release|Any CPU
		{1D4719E6-8371-44AC-AF83-ABDC743AB894}.Release|x64.Build.0 = Release|Any CPU
		{1D4719E6-8371-44AC-AF83-ABDC743AB894}.Release|x86.ActiveCfg = Release|Any CPU
		{1D4719E6-8371-44AC-AF83-ABDC743AB894}.Release|x86.Build.0 = Release|Any CPU
		{27693239-B046-44D5-A84A-261B0C710C9F}.Debug|Any CPU.ActiveCfg = Debug|Any CPU
		{27693239-B046-44D5-A84A-261B0C710C9F}.Debug|Any CPU.Build.0 = Debug|Any CPU
		{27693239-B046-44D5-A84A-261B0C710C9F}.Debug|x64.ActiveCfg = Debug|Any CPU
		{27693239-B046-44D5-A84A-261B0C710C9F}.Debug|x64.Build.0 = Debug|Any CPU
		{27693239-B046-44D5-A84A-261B0C710C9F}.Debug|x86.ActiveCfg = Debug|Any CPU
		{27693239-B046-44D5-A84A-261B0C710C9F}.Debug|x86.Build.0 = Debug|Any CPU
		{27693239-B046-44D5-A84A-261B0C710C9F}.Release|Any CPU.ActiveCfg = Release|Any CPU
		{27693239-B046-44D5-A84A-261B0C710C9F}.Release|Any CPU.Build.0 = Release|Any CPU
		{27693239-B046-44D5-A84A-261B0C710C9F}.Release|x64.ActiveCfg = Release|Any CPU
		{27693239-B046-44D5-A84A-261B0C710C9F}.Release|x64.Build.0 = Release|Any CPU
		{27693239-B046-44D5-A84A-261B0C710C9F}.Release|x86.ActiveCfg = Release|Any CPU
		{27693239-B046-44D5-A84A-261B0C710C9F}.Release|x86.Build.0 = Release|Any CPU
		{68101098-083F-4870-ADC6-1712191E1038}.Debug|Any CPU.ActiveCfg = Debug|Any CPU
		{68101098-083F-4870-ADC6-1712191E1038}.Debug|Any CPU.Build.0 = Debug|Any CPU
		{68101098-083F-4870-ADC6-1712191E1038}.Debug|x64.ActiveCfg = Debug|Any CPU
		{68101098-083F-4870-ADC6-1712191E1038}.Debug|x64.Build.0 = Debug|Any CPU
		{68101098-083F-4870-ADC6-1712191E1038}.Debug|x86.ActiveCfg = Debug|Any CPU
		{68101098-083F-4870-ADC6-1712191E1038}.Debug|x86.Build.0 = Debug|Any CPU
		{68101098-083F-4870-ADC6-1712191E1038}.Release|Any CPU.ActiveCfg = Release|Any CPU
		{68101098-083F-4870-ADC6-1712191E1038}.Release|Any CPU.Build.0 = Release|Any CPU
		{68101098-083F-4870-ADC6-1712191E1038}.Release|x64.ActiveCfg = Release|Any CPU
		{68101098-083F-4870-ADC6-1712191E1038}.Release|x64.Build.0 = Release|Any CPU
		{68101098-083F-4870-ADC6-1712191E1038}.Release|x86.ActiveCfg = Release|Any CPU
		{68101098-083F-4870-ADC6-1712191E1038}.Release|x86.Build.0 = Release|Any CPU
		{DE4D34CC-1FBF-4401-8EAB-62DBAB00B564}.Debug|Any CPU.ActiveCfg = Debug|Any CPU
		{DE4D34CC-1FBF-4401-8EAB-62DBAB00B564}.Debug|Any CPU.Build.0 = Debug|Any CPU
		{DE4D34CC-1FBF-4401-8EAB-62DBAB00B564}.Debug|x64.ActiveCfg = Debug|Any CPU
		{DE4D34CC-1FBF-4401-8EAB-62DBAB00B564}.Debug|x64.Build.0 = Debug|Any CPU
		{DE4D34CC-1FBF-4401-8EAB-62DBAB00B564}.Debug|x86.ActiveCfg = Debug|Any CPU
		{DE4D34CC-1FBF-4401-8EAB-62DBAB00B564}.Debug|x86.Build.0 = Debug|Any CPU
		{DE4D34CC-1FBF-4401-8EAB-62DBAB00B564}.Release|Any CPU.ActiveCfg = Release|Any CPU
		{DE4D34CC-1FBF-4401-8EAB-62DBAB00B564}.Release|Any CPU.Build.0 = Release|Any CPU
		{DE4D34CC-1FBF-4401-8EAB-62DBAB00B564}.Release|x64.ActiveCfg = Release|Any CPU
		{DE4D34CC-1FBF-4401-8EAB-62DBAB00B564}.Release|x64.Build.0 = Release|Any CPU
		{DE4D34CC-1FBF-4401-8EAB-62DBAB00B564}.Release|x86.ActiveCfg = Release|Any CPU
		{DE4D34CC-1FBF-4401-8EAB-62DBAB00B564}.Release|x86.Build.0 = Release|Any CPU
		{5AF4153F-3A60-4DD9-B2C7-9D1E4DFAAA6D}.Debug|Any CPU.ActiveCfg = Debug|Any CPU
		{5AF4153F-3A60-4DD9-B2C7-9D1E4DFAAA6D}.Debug|Any CPU.Build.0 = Debug|Any CPU
		{5AF4153F-3A60-4DD9-B2C7-9D1E4DFAAA6D}.Debug|x64.ActiveCfg = Debug|Any CPU
		{5AF4153F-3A60-4DD9-B2C7-9D1E4DFAAA6D}.Debug|x64.Build.0 = Debug|Any CPU
		{5AF4153F-3A60-4DD9-B2C7-9D1E4DFAAA6D}.Debug|x86.ActiveCfg = Debug|Any CPU
		{5AF4153F-3A60-4DD9-B2C7-9D1E4DFAAA6D}.Debug|x86.Build.0 = Debug|Any CPU
		{5AF4153F-3A60-4DD9-B2C7-9D1E4DFAAA6D}.Release|Any CPU.ActiveCfg = Release|Any CPU
		{5AF4153F-3A60-4DD9-B2C7-9D1E4DFAAA6D}.Release|Any CPU.Build.0 = Release|Any CPU
		{5AF4153F-3A60-4DD9-B2C7-9D1E4DFAAA6D}.Release|x64.ActiveCfg = Release|Any CPU
		{5AF4153F-3A60-4DD9-B2C7-9D1E4DFAAA6D}.Release|x64.Build.0 = Release|Any CPU
		{5AF4153F-3A60-4DD9-B2C7-9D1E4DFAAA6D}.Release|x86.ActiveCfg = Release|Any CPU
		{5AF4153F-3A60-4DD9-B2C7-9D1E4DFAAA6D}.Release|x86.Build.0 = Release|Any CPU
		{65FBE056-E121-4E6F-814D-07077C0359CF}.Debug|Any CPU.ActiveCfg = Debug|Any CPU
		{65FBE056-E121-4E6F-814D-07077C0359CF}.Debug|Any CPU.Build.0 = Debug|Any CPU
		{65FBE056-E121-4E6F-814D-07077C0359CF}.Debug|x64.ActiveCfg = Debug|Any CPU
		{65FBE056-E121-4E6F-814D-07077C0359CF}.Debug|x64.Build.0 = Debug|Any CPU
		{65FBE056-E121-4E6F-814D-07077C0359CF}.Debug|x86.ActiveCfg = Debug|Any CPU
		{65FBE056-E121-4E6F-814D-07077C0359CF}.Debug|x86.Build.0 = Debug|Any CPU
		{65FBE056-E121-4E6F-814D-07077C0359CF}.Release|Any CPU.ActiveCfg = Release|Any CPU
		{65FBE056-E121-4E6F-814D-07077C0359CF}.Release|Any CPU.Build.0 = Release|Any CPU
		{65FBE056-E121-4E6F-814D-07077C0359CF}.Release|x64.ActiveCfg = Release|Any CPU
		{65FBE056-E121-4E6F-814D-07077C0359CF}.Release|x64.Build.0 = Release|Any CPU
		{65FBE056-E121-4E6F-814D-07077C0359CF}.Release|x86.ActiveCfg = Release|Any CPU
		{65FBE056-E121-4E6F-814D-07077C0359CF}.Release|x86.Build.0 = Release|Any CPU
		{FA6A35EE-DA15-462F-95BB-F03AF6927588}.Debug|Any CPU.ActiveCfg = Debug|Any CPU
		{FA6A35EE-DA15-462F-95BB-F03AF6927588}.Debug|Any CPU.Build.0 = Debug|Any CPU
		{FA6A35EE-DA15-462F-95BB-F03AF6927588}.Debug|x64.ActiveCfg = Debug|Any CPU
		{FA6A35EE-DA15-462F-95BB-F03AF6927588}.Debug|x64.Build.0 = Debug|Any CPU
		{FA6A35EE-DA15-462F-95BB-F03AF6927588}.Debug|x86.ActiveCfg = Debug|Any CPU
		{FA6A35EE-DA15-462F-95BB-F03AF6927588}.Debug|x86.Build.0 = Debug|Any CPU
		{FA6A35EE-DA15-462F-95BB-F03AF6927588}.Release|Any CPU.ActiveCfg = Release|Any CPU
		{FA6A35EE-DA15-462F-95BB-F03AF6927588}.Release|Any CPU.Build.0 = Release|Any CPU
		{FA6A35EE-DA15-462F-95BB-F03AF6927588}.Release|x64.ActiveCfg = Release|Any CPU
		{FA6A35EE-DA15-462F-95BB-F03AF6927588}.Release|x64.Build.0 = Release|Any CPU
		{FA6A35EE-DA15-462F-95BB-F03AF6927588}.Release|x86.ActiveCfg = Release|Any CPU
		{FA6A35EE-DA15-462F-95BB-F03AF6927588}.Release|x86.Build.0 = Release|Any CPU
		{A5C61424-DEB7-4347-A3E6-D7BE76B71FF0}.Debug|Any CPU.ActiveCfg = Debug|Any CPU
		{A5C61424-DEB7-4347-A3E6-D7BE76B71FF0}.Debug|Any CPU.Build.0 = Debug|Any CPU
		{A5C61424-DEB7-4347-A3E6-D7BE76B71FF0}.Debug|x64.ActiveCfg = Debug|Any CPU
		{A5C61424-DEB7-4347-A3E6-D7BE76B71FF0}.Debug|x64.Build.0 = Debug|Any CPU
		{A5C61424-DEB7-4347-A3E6-D7BE76B71FF0}.Debug|x86.ActiveCfg = Debug|Any CPU
		{A5C61424-DEB7-4347-A3E6-D7BE76B71FF0}.Debug|x86.Build.0 = Debug|Any CPU
		{A5C61424-DEB7-4347-A3E6-D7BE76B71FF0}.Release|Any CPU.ActiveCfg = Release|Any CPU
		{A5C61424-DEB7-4347-A3E6-D7BE76B71FF0}.Release|Any CPU.Build.0 = Release|Any CPU
		{A5C61424-DEB7-4347-A3E6-D7BE76B71FF0}.Release|x64.ActiveCfg = Release|Any CPU
		{A5C61424-DEB7-4347-A3E6-D7BE76B71FF0}.Release|x64.Build.0 = Release|Any CPU
		{A5C61424-DEB7-4347-A3E6-D7BE76B71FF0}.Release|x86.ActiveCfg = Release|Any CPU
		{A5C61424-DEB7-4347-A3E6-D7BE76B71FF0}.Release|x86.Build.0 = Release|Any CPU
		{24B3203B-7D3B-4903-A665-E99A61D26BA1}.Debug|Any CPU.ActiveCfg = Debug|Any CPU
		{24B3203B-7D3B-4903-A665-E99A61D26BA1}.Debug|Any CPU.Build.0 = Debug|Any CPU
		{24B3203B-7D3B-4903-A665-E99A61D26BA1}.Debug|x64.ActiveCfg = Debug|Any CPU
		{24B3203B-7D3B-4903-A665-E99A61D26BA1}.Debug|x64.Build.0 = Debug|Any CPU
		{24B3203B-7D3B-4903-A665-E99A61D26BA1}.Debug|x86.ActiveCfg = Debug|Any CPU
		{24B3203B-7D3B-4903-A665-E99A61D26BA1}.Debug|x86.Build.0 = Debug|Any CPU
		{24B3203B-7D3B-4903-A665-E99A61D26BA1}.Release|Any CPU.ActiveCfg = Release|Any CPU
		{24B3203B-7D3B-4903-A665-E99A61D26BA1}.Release|Any CPU.Build.0 = Release|Any CPU
		{24B3203B-7D3B-4903-A665-E99A61D26BA1}.Release|x64.ActiveCfg = Release|Any CPU
		{24B3203B-7D3B-4903-A665-E99A61D26BA1}.Release|x64.Build.0 = Release|Any CPU
		{24B3203B-7D3B-4903-A665-E99A61D26BA1}.Release|x86.ActiveCfg = Release|Any CPU
		{24B3203B-7D3B-4903-A665-E99A61D26BA1}.Release|x86.Build.0 = Release|Any CPU
		{AB0D815E-4CBD-48D2-B916-051A32AC9423}.Debug|Any CPU.ActiveCfg = Debug|Any CPU
		{AB0D815E-4CBD-48D2-B916-051A32AC9423}.Debug|Any CPU.Build.0 = Debug|Any CPU
		{AB0D815E-4CBD-48D2-B916-051A32AC9423}.Debug|x64.ActiveCfg = Debug|Any CPU
		{AB0D815E-4CBD-48D2-B916-051A32AC9423}.Debug|x64.Build.0 = Debug|Any CPU
		{AB0D815E-4CBD-48D2-B916-051A32AC9423}.Debug|x86.ActiveCfg = Debug|Any CPU
		{AB0D815E-4CBD-48D2-B916-051A32AC9423}.Debug|x86.Build.0 = Debug|Any CPU
		{AB0D815E-4CBD-48D2-B916-051A32AC9423}.Release|Any CPU.ActiveCfg = Release|Any CPU
		{AB0D815E-4CBD-48D2-B916-051A32AC9423}.Release|Any CPU.Build.0 = Release|Any CPU
		{AB0D815E-4CBD-48D2-B916-051A32AC9423}.Release|x64.ActiveCfg = Release|Any CPU
		{AB0D815E-4CBD-48D2-B916-051A32AC9423}.Release|x64.Build.0 = Release|Any CPU
		{AB0D815E-4CBD-48D2-B916-051A32AC9423}.Release|x86.ActiveCfg = Release|Any CPU
		{AB0D815E-4CBD-48D2-B916-051A32AC9423}.Release|x86.Build.0 = Release|Any CPU
		{0CF3A53A-60F3-4917-9524-CF701E2E01C7}.Debug|Any CPU.ActiveCfg = Debug|Any CPU
		{0CF3A53A-60F3-4917-9524-CF701E2E01C7}.Debug|Any CPU.Build.0 = Debug|Any CPU
		{0CF3A53A-60F3-4917-9524-CF701E2E01C7}.Debug|x64.ActiveCfg = Debug|Any CPU
		{0CF3A53A-60F3-4917-9524-CF701E2E01C7}.Debug|x64.Build.0 = Debug|Any CPU
		{0CF3A53A-60F3-4917-9524-CF701E2E01C7}.Debug|x86.ActiveCfg = Debug|Any CPU
		{0CF3A53A-60F3-4917-9524-CF701E2E01C7}.Debug|x86.Build.0 = Debug|Any CPU
		{0CF3A53A-60F3-4917-9524-CF701E2E01C7}.Release|Any CPU.ActiveCfg = Release|Any CPU
		{0CF3A53A-60F3-4917-9524-CF701E2E01C7}.Release|Any CPU.Build.0 = Release|Any CPU
		{0CF3A53A-60F3-4917-9524-CF701E2E01C7}.Release|x64.ActiveCfg = Release|Any CPU
		{0CF3A53A-60F3-4917-9524-CF701E2E01C7}.Release|x64.Build.0 = Release|Any CPU
		{0CF3A53A-60F3-4917-9524-CF701E2E01C7}.Release|x86.ActiveCfg = Release|Any CPU
		{0CF3A53A-60F3-4917-9524-CF701E2E01C7}.Release|x86.Build.0 = Release|Any CPU
		{58F74329-B2E2-4AAD-8C1C-B65BB55826EF}.Debug|Any CPU.ActiveCfg = Debug|Any CPU
		{58F74329-B2E2-4AAD-8C1C-B65BB55826EF}.Debug|Any CPU.Build.0 = Debug|Any CPU
		{58F74329-B2E2-4AAD-8C1C-B65BB55826EF}.Debug|x64.ActiveCfg = Debug|Any CPU
		{58F74329-B2E2-4AAD-8C1C-B65BB55826EF}.Debug|x64.Build.0 = Debug|Any CPU
		{58F74329-B2E2-4AAD-8C1C-B65BB55826EF}.Debug|x86.ActiveCfg = Debug|Any CPU
		{58F74329-B2E2-4AAD-8C1C-B65BB55826EF}.Debug|x86.Build.0 = Debug|Any CPU
		{58F74329-B2E2-4AAD-8C1C-B65BB55826EF}.Release|Any CPU.ActiveCfg = Release|Any CPU
		{58F74329-B2E2-4AAD-8C1C-B65BB55826EF}.Release|Any CPU.Build.0 = Release|Any CPU
		{58F74329-B2E2-4AAD-8C1C-B65BB55826EF}.Release|x64.ActiveCfg = Release|Any CPU
		{58F74329-B2E2-4AAD-8C1C-B65BB55826EF}.Release|x64.Build.0 = Release|Any CPU
		{58F74329-B2E2-4AAD-8C1C-B65BB55826EF}.Release|x86.ActiveCfg = Release|Any CPU
		{58F74329-B2E2-4AAD-8C1C-B65BB55826EF}.Release|x86.Build.0 = Release|Any CPU
	EndGlobalSection
	GlobalSection(SolutionProperties) = preSolution
		HideSolutionNode = FALSE
	EndGlobalSection
	GlobalSection(NestedProjects) = preSolution
		{85F909CB-8F14-ECC8-BA9D-713D1771907F} = {827E0CD3-B72D-47B6-A68D-7590B98EB39B}
		{E3B1BE72-E4AC-49BE-8053-05954A21FD6A} = {85F909CB-8F14-ECC8-BA9D-713D1771907F}
		{EC447DCF-ABFA-6E24-52A5-D7FD48A5C558} = {827E0CD3-B72D-47B6-A68D-7590B98EB39B}
		{77D1C141-44F6-437C-8FE9-84199ED2AEB2} = {7226ABEA-787E-1D09-10EA-A2ECF996D6A6}
		{1D4719E6-8371-44AC-AF83-ABDC743AB894} = {0AB3BF05-4346-4AA6-1389-037BE0695223}
		{27693239-B046-44D5-A84A-261B0C710C9F} = {0AB3BF05-4346-4AA6-1389-037BE0695223}
		{0EC62A1A-9858-3A60-8A0C-FC9AACFA2EC7} = {EC447DCF-ABFA-6E24-52A5-D7FD48A5C558}
		{68101098-083F-4870-ADC6-1712191E1038} = {0EC62A1A-9858-3A60-8A0C-FC9AACFA2EC7}
		{DE4D34CC-1FBF-4401-8EAB-62DBAB00B564} = {0EC62A1A-9858-3A60-8A0C-FC9AACFA2EC7}
		{5AF4153F-3A60-4DD9-B2C7-9D1E4DFAAA6D} = {0EC62A1A-9858-3A60-8A0C-FC9AACFA2EC7}
		{65FBE056-E121-4E6F-814D-07077C0359CF} = {0EC62A1A-9858-3A60-8A0C-FC9AACFA2EC7}
		{FA6A35EE-DA15-462F-95BB-F03AF6927588} = {0AB3BF05-4346-4AA6-1389-037BE0695223}
		{5C8A8AC6-589C-57E2-718B-9C9CBE8FBE33} = {EC447DCF-ABFA-6E24-52A5-D7FD48A5C558}
		{A5C61424-DEB7-4347-A3E6-D7BE76B71FF0} = {5C8A8AC6-589C-57E2-718B-9C9CBE8FBE33}
		{24B3203B-7D3B-4903-A665-E99A61D26BA1} = {5C8A8AC6-589C-57E2-718B-9C9CBE8FBE33}
		{AB0D815E-4CBD-48D2-B916-051A32AC9423} = {5C8A8AC6-589C-57E2-718B-9C9CBE8FBE33}
		{0CF3A53A-60F3-4917-9524-CF701E2E01C7} = {5C8A8AC6-589C-57E2-718B-9C9CBE8FBE33}
		{58F74329-B2E2-4AAD-8C1C-B65BB55826EF} = {0AB3BF05-4346-4AA6-1389-037BE0695223}
	EndGlobalSection
EndGlobal
